
Microsoft Visual Studio Solution File, Format Version 12.00
# Visual Studio 15
VisualStudioVersion = 15.0.28307.168
MinimumVisualStudioVersion = 10.0.40219.1
Project("{FAE04EC0-301F-11D3-BF4B-00C04F79EFBC}") = "QuickInput", "QuickInput\QuickInput.csproj", "{C6C2045C-6B27-40C3-94A9-C517B3D3EBEA}"
EndProject
Global
	GlobalSection(SolutionConfigurationPlatforms) = preSolution
		Debug|Any CPU = Debug|Any CPU
		Release|Any CPU = Release|Any CPU
	EndGlobalSection
	GlobalSection(ProjectConfigurationPlatforms) = postSolution
		{C6C2045C-6B27-40C3-94A9-C517B3D3EBEA}.Debug|Any CPU.ActiveCfg = Debug|Any CPU
		{C6C2045C-6B27-40C3-94A9-C517B3D3EBEA}.Debug|Any CPU.Build.0 = Debug|Any CPU
		{C6C2045C-6B27-40C3-94A9-C517B3D3EBEA}.Release|Any CPU.ActiveCfg = Release|Any CPU
		{C6C2045C-6B27-40C3-94A9-C517B3D3EBEA}.Release|Any CPU.Build.0 = Release|Any CPU
	EndGlobalSection
	GlobalSection(SolutionProperties) = preSolution
		HideSolutionNode = FALSE
	EndGlobalSection
	GlobalSection(ExtensibilityGlobals) = postSolution
		SolutionGuid = {365B112E-5B39-45E4-99DF-71EAD0768087}
	EndGlobalSection
EndGlobal
